
Microsoft Visual Studio Solution File, Format Version 12.00
# Visual Studio 15
VisualStudioVersion = 15.0.26124.0
MinimumVisualStudioVersion = 15.0.26124.0
Project("{FAE04EC0-301F-11D3-BF4B-00C04F79EFBC}") = "pulsacionesdotnet", "pulsacionesdotnet\pulsacionesdotnet.csproj", "{2DEB1EA9-03DB-4DCE-88E5-41495678C4DA}"
EndProject
Project("{FAE04EC0-301F-11D3-BF4B-00C04F79EFBC}") = "Datos", "Datos\Datos.csproj", "{489B2479-ED0F-4801-9511-EDB98356E0A6}"
EndProject
Project("{FAE04EC0-301F-11D3-BF4B-00C04F79EFBC}") = "Logica", "Logica\Logica.csproj", "{C3BB66E7-AC31-4ACD-A872-E6AD64276CD8}"
EndProject
Project("{FAE04EC0-301F-11D3-BF4B-00C04F79EFBC}") = "Entidades", "Entidades\Entidades.csproj", "{15C3FAF0-3C9F-44B6-8F68-B99278DBA6FC}"
EndProject
Global
	GlobalSection(SolutionConfigurationPlatforms) = preSolution
		Debug|Any CPU = Debug|Any CPU
		Debug|x64 = Debug|x64
		Debug|x86 = Debug|x86
		Release|Any CPU = Release|Any CPU
		Release|x64 = Release|x64
		Release|x86 = Release|x86
	EndGlobalSection
	GlobalSection(SolutionProperties) = preSolution
		HideSolutionNode = FALSE
	EndGlobalSection
	GlobalSection(ProjectConfigurationPlatforms) = postSolution
		{2DEB1EA9-03DB-4DCE-88E5-41495678C4DA}.Debug|Any CPU.ActiveCfg = Debug|Any CPU
		{2DEB1EA9-03DB-4DCE-88E5-41495678C4DA}.Debug|Any CPU.Build.0 = Debug|Any CPU
		{2DEB1EA9-03DB-4DCE-88E5-41495678C4DA}.Debug|x64.ActiveCfg = Debug|Any CPU
		{2DEB1EA9-03DB-4DCE-88E5-41495678C4DA}.Debug|x64.Build.0 = Debug|Any CPU
		{2DEB1EA9-03DB-4DCE-88E5-41495678C4DA}.Debug|x86.ActiveCfg = Debug|Any CPU
		{2DEB1EA9-03DB-4DCE-88E5-41495678C4DA}.Debug|x86.Build.0 = Debug|Any CPU
		{2DEB1EA9-03DB-4DCE-88E5-41495678C4DA}.Release|Any CPU.ActiveCfg = Release|Any CPU
		{2DEB1EA9-03DB-4DCE-88E5-41495678C4DA}.Release|Any CPU.Build.0 = Release|Any CPU
		{2DEB1EA9-03DB-4DCE-88E5-41495678C4DA}.Release|x64.ActiveCfg = Release|Any CPU
		{2DEB1EA9-03DB-4DCE-88E5-41495678C4DA}.Release|x64.Build.0 = Release|Any CPU
		{2DEB1EA9-03DB-4DCE-88E5-41495678C4DA}.Release|x86.ActiveCfg = Release|Any CPU
		{2DEB1EA9-03DB-4DCE-88E5-41495678C4DA}.Release|x86.Build.0 = Release|Any CPU
		{489B2479-ED0F-4801-9511-EDB98356E0A6}.Debug|Any CPU.ActiveCfg = Debug|Any CPU
		{489B2479-ED0F-4801-9511-EDB98356E0A6}.Debug|Any CPU.Build.0 = Debug|Any CPU
		{489B2479-ED0F-4801-9511-EDB98356E0A6}.Debug|x64.ActiveCfg = Debug|Any CPU
		{489B2479-ED0F-4801-9511-EDB98356E0A6}.Debug|x64.Build.0 = Debug|Any CPU
		{489B2479-ED0F-4801-9511-EDB98356E0A6}.Debug|x86.ActiveCfg = Debug|Any CPU
		{489B2479-ED0F-4801-9511-EDB98356E0A6}.Debug|x86.Build.0 = Debug|Any CPU
		{489B2479-ED0F-4801-9511-EDB98356E0A6}.Release|Any CPU.ActiveCfg = Release|Any CPU
		{489B2479-ED0F-4801-9511-EDB98356E0A6}.Release|Any CPU.Build.0 = Release|Any CPU
		{489B2479-ED0F-4801-9511-EDB98356E0A6}.Release|x64.ActiveCfg = Release|Any CPU
		{489B2479-ED0F-4801-9511-EDB98356E0A6}.Release|x64.Build.0 = Release|Any CPU
		{489B2479-ED0F-4801-9511-EDB98356E0A6}.Release|x86.ActiveCfg = Release|Any CPU
		{489B2479-ED0F-4801-9511-EDB98356E0A6}.Release|x86.Build.0 = Release|Any CPU
		{C3BB66E7-AC31-4ACD-A872-E6AD64276CD8}.Debug|Any CPU.ActiveCfg = Debug|Any CPU
		{C3BB66E7-AC31-4ACD-A872-E6AD64276CD8}.Debug|Any CPU.Build.0 = Debug|Any CPU
		{C3BB66E7-AC31-4ACD-A872-E6AD64276CD8}.Debug|x64.ActiveCfg = Debug|Any CPU
		{C3BB66E7-AC31-4ACD-A872-E6AD64276CD8}.Debug|x64.Build.0 = Debug|Any CPU
		{C3BB66E7-AC31-4ACD-A872-E6AD64276CD8}.Debug|x86.ActiveCfg = Debug|Any CPU
		{C3BB66E7-AC31-4ACD-A872-E6AD64276CD8}.Debug|x86.Build.0 = Debug|Any CPU
		{C3BB66E7-AC31-4ACD-A872-E6AD64276CD8}.Release|Any CPU.ActiveCfg = Release|Any CPU
		{C3BB66E7-AC31-4ACD-A872-E6AD64276CD8}.Release|Any CPU.Build.0 = Release|Any CPU
		{C3BB66E7-AC31-4ACD-A872-E6AD64276CD8}.Release|x64.ActiveCfg = Release|Any CPU
		{C3BB66E7-AC31-4ACD-A872-E6AD64276CD8}.Release|x64.Build.0 = Release|Any CPU
		{C3BB66E7-AC31-4ACD-A872-E6AD64276CD8}.Release|x86.ActiveCfg = Release|Any CPU
		{C3BB66E7-AC31-4ACD-A872-E6AD64276CD8}.Release|x86.Build.0 = Release|Any CPU
		{15C3FAF0-3C9F-44B6-8F68-B99278DBA6FC}.Debug|Any CPU.ActiveCfg = Debug|Any CPU
		{15C3FAF0-3C9F-44B6-8F68-B99278DBA6FC}.Debug|Any CPU.Build.0 = Debug|Any CPU
		{15C3FAF0-3C9F-44B6-8F68-B99278DBA6FC}.Debug|x64.ActiveCfg = Debug|Any CPU
		{15C3FAF0-3C9F-44B6-8F68-B99278DBA6FC}.Debug|x64.Build.0 = Debug|Any CPU
		{15C3FAF0-3C9F-44B6-8F68-B99278DBA6FC}.Debug|x86.ActiveCfg = Debug|Any CPU
		{15C3FAF0-3C9F-44B6-8F68-B99278DBA6FC}.Debug|x86.Build.0 = Debug|Any CPU
		{15C3FAF0-3C9F-44B6-8F68-B99278DBA6FC}.Release|Any CPU.ActiveCfg = Release|Any CPU
		{15C3FAF0-3C9F-44B6-8F68-B99278DBA6FC}.Release|Any CPU.Build.0 = Release|Any CPU
		{15C3FAF0-3C9F-44B6-8F68-B99278DBA6FC}.Release|x64.ActiveCfg = Release|Any CPU
		{15C3FAF0-3C9F-44B6-8F68-B99278DBA6FC}.Release|x64.Build.0 = Release|Any CPU
		{15C3FAF0-3C9F-44B6-8F68-B99278DBA6FC}.Release|x86.ActiveCfg = Release|Any CPU
		{15C3FAF0-3C9F-44B6-8F68-B99278DBA6FC}.Release|x86.Build.0 = Release|Any CPU
	EndGlobalSection
EndGlobal
